// !$*UTF8*$!
{
	archiveVersion = 1;
	classes = {
	};
	objectVersion = 55;
	objects = {

/* Begin PBXBuildFile section */
		EC6880462811E4C0009746B9 /* AudioItemView.swift in Sources */ = {isa = PBXBuildFile; fileRef = EC6880452811E4C0009746B9 /* AudioItemView.swift */; };
		EC7A5FE5281108C000267AE9 /* AudioRecorderApp.swift in Sources */ = {isa = PBXBuildFile; fileRef = EC7A5FE4281108C000267AE9 /* AudioRecorderApp.swift */; };
		EC7A5FE7281108C000267AE9 /* ContentView.swift in Sources */ = {isa = PBXBuildFile; fileRef = EC7A5FE6281108C000267AE9 /* ContentView.swift */; };
		EC7A5FE9281108C100267AE9 /* Assets.xcassets in Resources */ = {isa = PBXBuildFile; fileRef = EC7A5FE8281108C100267AE9 /* Assets.xcassets */; };
		EC7A5FEC281108C100267AE9 /* Preview Assets.xcassets in Resources */ = {isa = PBXBuildFile; fileRef = EC7A5FEB281108C100267AE9 /* Preview Assets.xcassets */; };
		EC7A5FF6281108C100267AE9 /* AudioRecorderTests.swift in Sources */ = {isa = PBXBuildFile; fileRef = EC7A5FF5281108C100267AE9 /* AudioRecorderTests.swift */; };
		EC7A6000281108C100267AE9 /* AudioRecorderUITests.swift in Sources */ = {isa = PBXBuildFile; fileRef = EC7A5FFF281108C100267AE9 /* AudioRecorderUITests.swift */; };
		EC7A6002281108C100267AE9 /* AudioRecorderUITestsLaunchTests.swift in Sources */ = {isa = PBXBuildFile; fileRef = EC7A6001281108C100267AE9 /* AudioRecorderUITestsLaunchTests.swift */; };
		EC7A60102811094700267AE9 /* RecorderViewModel.swift in Sources */ = {isa = PBXBuildFile; fileRef = EC7A600F2811094700267AE9 /* RecorderViewModel.swift */; };
		EC7A601228110AD300267AE9 /* RecordButton.swift in Sources */ = {isa = PBXBuildFile; fileRef = EC7A601128110AD300267AE9 /* RecordButton.swift */; };
		EC7A601428110EDF00267AE9 /* RecorderHelper.swift in Sources */ = {isa = PBXBuildFile; fileRef = EC7A601328110EDF00267AE9 /* RecorderHelper.swift */; };
		EC7A60162811C0B200267AE9 /* NamingModal.swift in Sources */ = {isa = PBXBuildFile; fileRef = EC7A60152811C0B200267AE9 /* NamingModal.swift */; };
		EC7A60182811C33000267AE9 /* RecordView.swift in Sources */ = {isa = PBXBuildFile; fileRef = EC7A60172811C33000267AE9 /* RecordView.swift */; };
		ECD183FA281350DB004C5F19 /* AudioCollection.swift in Sources */ = {isa = PBXBuildFile; fileRef = ECD183F9281350DB004C5F19 /* AudioCollection.swift */; };
		ECD18400281352C2004C5F19 /* AudioItem.swift in Sources */ = {isa = PBXBuildFile; fileRef = ECD183FF281352C2004C5F19 /* AudioItem.swift */; };
		ECD1840228135C20004C5F19 /* AudioPlayer.swift in Sources */ = {isa = PBXBuildFile; fileRef = ECD1840128135C20004C5F19 /* AudioPlayer.swift */; };
		ECD18404281386A5004C5F19 /* AlertController.swift in Sources */ = {isa = PBXBuildFile; fileRef = ECD18403281386A5004C5F19 /* AlertController.swift */; };
		ECD1840828146295004C5F19 /* AudioRecordingRepository.swift in Sources */ = {isa = PBXBuildFile; fileRef = ECD1840728146295004C5F19 /* AudioRecordingRepository.swift */; };
/* End PBXBuildFile section */

/* Begin PBXContainerItemProxy section */
		EC7A5FF2281108C100267AE9 /* PBXContainerItemProxy */ = {
			isa = PBXContainerItemProxy;
			containerPortal = EC7A5FD9281108C000267AE9 /* Project object */;
			proxyType = 1;
			remoteGlobalIDString = EC7A5FE0281108C000267AE9;
			remoteInfo = AudioRecorder;
		};
		EC7A5FFC281108C100267AE9 /* PBXContainerItemProxy */ = {
			isa = PBXContainerItemProxy;
			containerPortal = EC7A5FD9281108C000267AE9 /* Project object */;
			proxyType = 1;
			remoteGlobalIDString = EC7A5FE0281108C000267AE9;
			remoteInfo = AudioRecorder;
		};
/* End PBXContainerItemProxy section */

/* Begin PBXFileReference section */
		EC6880452811E4C0009746B9 /* AudioItemView.swift */ = {isa = PBXFileReference; lastKnownFileType = sourcecode.swift; path = AudioItemView.swift; sourceTree = "<group>"; };
		EC7A5FE1281108C000267AE9 /* AudioRecorder.app */ = {isa = PBXFileReference; explicitFileType = wrapper.application; includeInIndex = 0; path = AudioRecorder.app; sourceTree = BUILT_PRODUCTS_DIR; };
		EC7A5FE4281108C000267AE9 /* AudioRecorderApp.swift */ = {isa = PBXFileReference; lastKnownFileType = sourcecode.swift; path = AudioRecorderApp.swift; sourceTree = "<group>"; };
		EC7A5FE6281108C000267AE9 /* ContentView.swift */ = {isa = PBXFileReference; lastKnownFileType = sourcecode.swift; path = ContentView.swift; sourceTree = "<group>"; };
		EC7A5FE8281108C100267AE9 /* Assets.xcassets */ = {isa = PBXFileReference; lastKnownFileType = folder.assetcatalog; path = Assets.xcassets; sourceTree = "<group>"; };
		EC7A5FEB281108C100267AE9 /* Preview Assets.xcassets */ = {isa = PBXFileReference; lastKnownFileType = folder.assetcatalog; path = "Preview Assets.xcassets"; sourceTree = "<group>"; };
		EC7A5FF1281108C100267AE9 /* AudioRecorderTests.xctest */ = {isa = PBXFileReference; explicitFileType = wrapper.cfbundle; includeInIndex = 0; path = AudioRecorderTests.xctest; sourceTree = BUILT_PRODUCTS_DIR; };
		EC7A5FF5281108C100267AE9 /* AudioRecorderTests.swift */ = {isa = PBXFileReference; lastKnownFileType = sourcecode.swift; path = AudioRecorderTests.swift; sourceTree = "<group>"; };
		EC7A5FFB281108C100267AE9 /* AudioRecorderUITests.xctest */ = {isa = PBXFileReference; explicitFileType = wrapper.cfbundle; includeInIndex = 0; path = AudioRecorderUITests.xctest; sourceTree = BUILT_PRODUCTS_DIR; };
		EC7A5FFF281108C100267AE9 /* AudioRecorderUITests.swift */ = {isa = PBXFileReference; lastKnownFileType = sourcecode.swift; path = AudioRecorderUITests.swift; sourceTree = "<group>"; };
		EC7A6001281108C100267AE9 /* AudioRecorderUITestsLaunchTests.swift */ = {isa = PBXFileReference; lastKnownFileType = sourcecode.swift; path = AudioRecorderUITestsLaunchTests.swift; sourceTree = "<group>"; };
		EC7A600F2811094700267AE9 /* RecorderViewModel.swift */ = {isa = PBXFileReference; lastKnownFileType = sourcecode.swift; path = RecorderViewModel.swift; sourceTree = "<group>"; };
		EC7A601128110AD300267AE9 /* RecordButton.swift */ = {isa = PBXFileReference; lastKnownFileType = sourcecode.swift; path = RecordButton.swift; sourceTree = "<group>"; };
		EC7A601328110EDF00267AE9 /* RecorderHelper.swift */ = {isa = PBXFileReference; lastKnownFileType = sourcecode.swift; path = RecorderHelper.swift; sourceTree = "<group>"; };
		EC7A60152811C0B200267AE9 /* NamingModal.swift */ = {isa = PBXFileReference; lastKnownFileType = sourcecode.swift; path = NamingModal.swift; sourceTree = "<group>"; };
		EC7A60172811C33000267AE9 /* RecordView.swift */ = {isa = PBXFileReference; lastKnownFileType = sourcecode.swift; path = RecordView.swift; sourceTree = "<group>"; };
		ECD183F9281350DB004C5F19 /* AudioCollection.swift */ = {isa = PBXFileReference; lastKnownFileType = sourcecode.swift; path = AudioCollection.swift; sourceTree = "<group>"; };
		ECD183FF281352C2004C5F19 /* AudioItem.swift */ = {isa = PBXFileReference; lastKnownFileType = sourcecode.swift; path = AudioItem.swift; sourceTree = "<group>"; };
		ECD1840128135C20004C5F19 /* AudioPlayer.swift */ = {isa = PBXFileReference; lastKnownFileType = sourcecode.swift; path = AudioPlayer.swift; sourceTree = "<group>"; };
		ECD18403281386A5004C5F19 /* AlertController.swift */ = {isa = PBXFileReference; lastKnownFileType = sourcecode.swift; path = AlertController.swift; sourceTree = "<group>"; };
		ECD1840728146295004C5F19 /* AudioRecordingRepository.swift */ = {isa = PBXFileReference; lastKnownFileType = sourcecode.swift; path = AudioRecordingRepository.swift; sourceTree = "<group>"; };
/* End PBXFileReference section */

/* Begin PBXFrameworksBuildPhase section */
		EC7A5FDE281108C000267AE9 /* Frameworks */ = {
			isa = PBXFrameworksBuildPhase;
			buildActionMask = 2147483647;
			files = (
			);
			runOnlyForDeploymentPostprocessing = 0;
		};
		EC7A5FEE281108C100267AE9 /* Frameworks */ = {
			isa = PBXFrameworksBuildPhase;
			buildActionMask = 2147483647;
			files = (
			);
			runOnlyForDeploymentPostprocessing = 0;
		};
		EC7A5FF8281108C100267AE9 /* Frameworks */ = {
			isa = PBXFrameworksBuildPhase;
			buildActionMask = 2147483647;
			files = (
			);
			runOnlyForDeploymentPostprocessing = 0;
		};
/* End PBXFrameworksBuildPhase section */

/* Begin PBXGroup section */
		EC7A5FD8281108C000267AE9 = {
			isa = PBXGroup;
			children = (
				EC7A5FE3281108C000267AE9 /* AudioRecorder */,
				EC7A5FF4281108C100267AE9 /* AudioRecorderTests */,
				EC7A5FFE281108C100267AE9 /* AudioRecorderUITests */,
				EC7A5FE2281108C000267AE9 /* Products */,
			);
			sourceTree = "<group>";
		};
		EC7A5FE2281108C000267AE9 /* Products */ = {
			isa = PBXGroup;
			children = (
				EC7A5FE1281108C000267AE9 /* AudioRecorder.app */,
				EC7A5FF1281108C100267AE9 /* AudioRecorderTests.xctest */,
				EC7A5FFB281108C100267AE9 /* AudioRecorderUITests.xctest */,
			);
			name = Products;
			sourceTree = "<group>";
		};
		EC7A5FE3281108C000267AE9 /* AudioRecorder */ = {
			isa = PBXGroup;
			children = (
				EC7A5FE4281108C000267AE9 /* AudioRecorderApp.swift */,
				EC7A5FE6281108C000267AE9 /* ContentView.swift */,
				EC7A600E2811093900267AE9 /* Recorder */,
				EC7A5FE8281108C100267AE9 /* Assets.xcassets */,
				EC7A5FEA281108C100267AE9 /* Preview Content */,
			);
			path = AudioRecorder;
			sourceTree = "<group>";
		};
		EC7A5FEA281108C100267AE9 /* Preview Content */ = {
			isa = PBXGroup;
			children = (
				EC7A5FEB281108C100267AE9 /* Preview Assets.xcassets */,
			);
			path = "Preview Content";
			sourceTree = "<group>";
		};
		EC7A5FF4281108C100267AE9 /* AudioRecorderTests */ = {
			isa = PBXGroup;
			children = (
				EC7A5FF5281108C100267AE9 /* AudioRecorderTests.swift */,
			);
			path = AudioRecorderTests;
			sourceTree = "<group>";
		};
		EC7A5FFE281108C100267AE9 /* AudioRecorderUITests */ = {
			isa = PBXGroup;
			children = (
				EC7A5FFF281108C100267AE9 /* AudioRecorderUITests.swift */,
				EC7A6001281108C100267AE9 /* AudioRecorderUITestsLaunchTests.swift */,
			);
			path = AudioRecorderUITests;
			sourceTree = "<group>";
		};
		EC7A600E2811093900267AE9 /* Recorder */ = {
			isa = PBXGroup;
			children = (
				ECD183FB28135288004C5F19 /* Models */,
				ECD183FE281352AD004C5F19 /* Service */,
				ECD183FC28135294004C5F19 /* Views */,
				ECD183FD28135298004C5F19 /* ViewModel */,
			);
			path = Recorder;
			sourceTree = "<group>";
		};
		ECD183FB28135288004C5F19 /* Models */ = {
			isa = PBXGroup;
			children = (
				ECD183F9281350DB004C5F19 /* AudioCollection.swift */,
				ECD183FF281352C2004C5F19 /* AudioItem.swift */,
			);
			path = Models;
			sourceTree = "<group>";
		};
		ECD183FC28135294004C5F19 /* Views */ = {
			isa = PBXGroup;
			children = (
				EC6880452811E4C0009746B9 /* AudioItemView.swift */,
				EC7A60152811C0B200267AE9 /* NamingModal.swift */,
				EC7A601128110AD300267AE9 /* RecordButton.swift */,
				EC7A60172811C33000267AE9 /* RecordView.swift */,
			);
			path = Views;
			sourceTree = "<group>";
		};
		ECD183FD28135298004C5F19 /* ViewModel */ = {
			isa = PBXGroup;
			children = (
				EC7A600F2811094700267AE9 /* RecorderViewModel.swift */,
			);
			path = ViewModel;
			sourceTree = "<group>";
		};
		ECD183FE281352AD004C5F19 /* Service */ = {
			isa = PBXGroup;
			children = (
				ECD18403281386A5004C5F19 /* AlertController.swift */,
				ECD1840128135C20004C5F19 /* AudioPlayer.swift */,
				ECD1840728146295004C5F19 /* AudioRecordingRepository.swift */,
				EC7A601328110EDF00267AE9 /* RecorderHelper.swift */,
			);
			path = Service;
			sourceTree = "<group>";
		};
/* End PBXGroup section */

/* Begin PBXNativeTarget section */
		EC7A5FE0281108C000267AE9 /* AudioRecorder */ = {
			isa = PBXNativeTarget;
			buildConfigurationList = EC7A6005281108C100267AE9 /* Build configuration list for PBXNativeTarget "AudioRecorder" */;
			buildPhases = (
				EC7A5FDD281108C000267AE9 /* Sources */,
				EC7A5FDE281108C000267AE9 /* Frameworks */,
				EC7A5FDF281108C000267AE9 /* Resources */,
			);
			buildRules = (
			);
			dependencies = (
			);
			name = AudioRecorder;
			productName = AudioRecorder;
			productReference = EC7A5FE1281108C000267AE9 /* AudioRecorder.app */;
			productType = "com.apple.product-type.application";
		};
		EC7A5FF0281108C100267AE9 /* AudioRecorderTests */ = {
			isa = PBXNativeTarget;
			buildConfigurationList = EC7A6008281108C100267AE9 /* Build configuration list for PBXNativeTarget "AudioRecorderTests" */;
			buildPhases = (
				EC7A5FED281108C100267AE9 /* Sources */,
				EC7A5FEE281108C100267AE9 /* Frameworks */,
				EC7A5FEF281108C100267AE9 /* Resources */,
			);
			buildRules = (
			);
			dependencies = (
				EC7A5FF3281108C100267AE9 /* PBXTargetDependency */,
			);
			name = AudioRecorderTests;
			productName = AudioRecorderTests;
			productReference = EC7A5FF1281108C100267AE9 /* AudioRecorderTests.xctest */;
			productType = "com.apple.product-type.bundle.unit-test";
		};
		EC7A5FFA281108C100267AE9 /* AudioRecorderUITests */ = {
			isa = PBXNativeTarget;
			buildConfigurationList = EC7A600B281108C100267AE9 /* Build configuration list for PBXNativeTarget "AudioRecorderUITests" */;
			buildPhases = (
				EC7A5FF7281108C100267AE9 /* Sources */,
				EC7A5FF8281108C100267AE9 /* Frameworks */,
				EC7A5FF9281108C100267AE9 /* Resources */,
			);
			buildRules = (
			);
			dependencies = (
				EC7A5FFD281108C100267AE9 /* PBXTargetDependency */,
			);
			name = AudioRecorderUITests;
			productName = AudioRecorderUITests;
			productReference = EC7A5FFB281108C100267AE9 /* AudioRecorderUITests.xctest */;
			productType = "com.apple.product-type.bundle.ui-testing";
		};
/* End PBXNativeTarget section */

/* Begin PBXProject section */
		EC7A5FD9281108C000267AE9 /* Project object */ = {
			isa = PBXProject;
			attributes = {
				BuildIndependentTargetsInParallel = 1;
				LastSwiftUpdateCheck = 1330;
				LastUpgradeCheck = 1330;
				TargetAttributes = {
					EC7A5FE0281108C000267AE9 = {
						CreatedOnToolsVersion = 13.3;
					};
					EC7A5FF0281108C100267AE9 = {
						CreatedOnToolsVersion = 13.3;
						TestTargetID = EC7A5FE0281108C000267AE9;
					};
					EC7A5FFA281108C100267AE9 = {
						CreatedOnToolsVersion = 13.3;
						TestTargetID = EC7A5FE0281108C000267AE9;
					};
				};
			};
			buildConfigurationList = EC7A5FDC281108C000267AE9 /* Build configuration list for PBXProject "AudioRecorder" */;
			compatibilityVersion = "Xcode 13.0";
			developmentRegion = en;
			hasScannedForEncodings = 0;
			knownRegions = (
				en,
				Base,
			);
			mainGroup = EC7A5FD8281108C000267AE9;
			productRefGroup = EC7A5FE2281108C000267AE9 /* Products */;
			projectDirPath = "";
			projectRoot = "";
			targets = (
				EC7A5FE0281108C000267AE9 /* AudioRecorder */,
				EC7A5FF0281108C100267AE9 /* AudioRecorderTests */,
				EC7A5FFA281108C100267AE9 /* AudioRecorderUITests */,
			);
		};
/* End PBXProject section */

/* Begin PBXResourcesBuildPhase section */
		EC7A5FDF281108C000267AE9 /* Resources */ = {
			isa = PBXResourcesBuildPhase;
			buildActionMask = 2147483647;
			files = (
				EC7A5FEC281108C100267AE9 /* Preview Assets.xcassets in Resources */,
				EC7A5FE9281108C100267AE9 /* Assets.xcassets in Resources */,
			);
			runOnlyForDeploymentPostprocessing = 0;
		};
		EC7A5FEF281108C100267AE9 /* Resources */ = {
			isa = PBXResourcesBuildPhase;
			buildActionMask = 2147483647;
			files = (
			);
			runOnlyForDeploymentPostprocessing = 0;
		};
		EC7A5FF9281108C100267AE9 /* Resources */ = {
			isa = PBXResourcesBuildPhase;
			buildActionMask = 2147483647;
			files = (
			);
			runOnlyForDeploymentPostprocessing = 0;
		};
/* End PBXResourcesBuildPhase section */

/* Begin PBXSourcesBuildPhase section */
		EC7A5FDD281108C000267AE9 /* Sources */ = {
			isa = PBXSourcesBuildPhase;
			buildActionMask = 2147483647;
			files = (
				EC7A601228110AD300267AE9 /* RecordButton.swift in Sources */,
				EC7A60102811094700267AE9 /* RecorderViewModel.swift in Sources */,
				ECD1840228135C20004C5F19 /* AudioPlayer.swift in Sources */,
				ECD1840828146295004C5F19 /* AudioRecordingRepository.swift in Sources */,
				EC6880462811E4C0009746B9 /* AudioItemView.swift in Sources */,
				ECD18404281386A5004C5F19 /* AlertController.swift in Sources */,
				EC7A601428110EDF00267AE9 /* RecorderHelper.swift in Sources */,
				EC7A60182811C33000267AE9 /* RecordView.swift in Sources */,
				EC7A5FE7281108C000267AE9 /* ContentView.swift in Sources */,
				ECD183FA281350DB004C5F19 /* AudioCollection.swift in Sources */,
				EC7A5FE5281108C000267AE9 /* AudioRecorderApp.swift in Sources */,
				EC7A60162811C0B200267AE9 /* NamingModal.swift in Sources */,
				ECD18400281352C2004C5F19 /* AudioItem.swift in Sources */,
			);
			runOnlyForDeploymentPostprocessing = 0;
		};
		EC7A5FED281108C100267AE9 /* Sources */ = {
			isa = PBXSourcesBuildPhase;
			buildActionMask = 2147483647;
			files = (
				EC7A5FF6281108C100267AE9 /* AudioRecorderTests.swift in Sources */,
			);
			runOnlyForDeploymentPostprocessing = 0;
		};
		EC7A5FF7281108C100267AE9 /* Sources */ = {
			isa = PBXSourcesBuildPhase;
			buildActionMask = 2147483647;
			files = (
				EC7A6000281108C100267AE9 /* AudioRecorderUITests.swift in Sources */,
				EC7A6002281108C100267AE9 /* AudioRecorderUITestsLaunchTests.swift in Sources */,
			);
			runOnlyForDeploymentPostprocessing = 0;
		};
/* End PBXSourcesBuildPhase section */

/* Begin PBXTargetDependency section */
		EC7A5FF3281108C100267AE9 /* PBXTargetDependency */ = {
			isa = PBXTargetDependency;
			target = EC7A5FE0281108C000267AE9 /* AudioRecorder */;
			targetProxy = EC7A5FF2281108C100267AE9 /* PBXContainerItemProxy */;
		};
		EC7A5FFD281108C100267AE9 /* PBXTargetDependency */ = {
			isa = PBXTargetDependency;
			target = EC7A5FE0281108C000267AE9 /* AudioRecorder */;
			targetProxy = EC7A5FFC281108C100267AE9 /* PBXContainerItemProxy */;
		};
/* End PBXTargetDependency section */

/* Begin XCBuildConfiguration section */
		EC7A6003281108C100267AE9 /* Debug */ = {
			isa = XCBuildConfiguration;
			buildSettings = {
				ALWAYS_SEARCH_USER_PATHS = NO;
				CLANG_ANALYZER_NONNULL = YES;
				CLANG_ANALYZER_NUMBER_OBJECT_CONVERSION = YES_AGGRESSIVE;
				CLANG_CXX_LANGUAGE_STANDARD = "gnu++17";
				CLANG_ENABLE_MODULES = YES;
				CLANG_ENABLE_OBJC_ARC = YES;
				CLANG_ENABLE_OBJC_WEAK = YES;
				CLANG_WARN_BLOCK_CAPTURE_AUTORELEASING = YES;
				CLANG_WARN_BOOL_CONVERSION = YES;
				CLANG_WARN_COMMA = YES;
				CLANG_WARN_CONSTANT_CONVERSION = YES;
				CLANG_WARN_DEPRECATED_OBJC_IMPLEMENTATIONS = YES;
				CLANG_WARN_DIRECT_OBJC_ISA_USAGE = YES_ERROR;
				CLANG_WARN_DOCUMENTATION_COMMENTS = YES;
				CLANG_WARN_EMPTY_BODY = YES;
				CLANG_WARN_ENUM_CONVERSION = YES;
				CLANG_WARN_INFINITE_RECURSION = YES;
				CLANG_WARN_INT_CONVERSION = YES;
				CLANG_WARN_NON_LITERAL_NULL_CONVERSION = YES;
				CLANG_WARN_OBJC_IMPLICIT_RETAIN_SELF = YES;
				CLANG_WARN_OBJC_LITERAL_CONVERSION = YES;
				CLANG_WARN_OBJC_ROOT_CLASS = YES_ERROR;
				CLANG_WARN_QUOTED_INCLUDE_IN_FRAMEWORK_HEADER = YES;
				CLANG_WARN_RANGE_LOOP_ANALYSIS = YES;
				CLANG_WARN_STRICT_PROTOTYPES = YES;
				CLANG_WARN_SUSPICIOUS_MOVE = YES;
				CLANG_WARN_UNGUARDED_AVAILABILITY = YES_AGGRESSIVE;
				CLANG_WARN_UNREACHABLE_CODE = YES;
				CLANG_WARN__DUPLICATE_METHOD_MATCH = YES;
				COPY_PHASE_STRIP = NO;
				DEBUG_INFORMATION_FORMAT = dwarf;
				ENABLE_STRICT_OBJC_MSGSEND = YES;
				ENABLE_TESTABILITY = YES;
				GCC_C_LANGUAGE_STANDARD = gnu11;
				GCC_DYNAMIC_NO_PIC = NO;
				GCC_NO_COMMON_BLOCKS = YES;
				GCC_OPTIMIZATION_LEVEL = 0;
				GCC_PREPROCESSOR_DEFINITIONS = (
					"DEBUG=1",
					"$(inherited)",
				);
				GCC_WARN_64_TO_32_BIT_CONVERSION = YES;
				GCC_WARN_ABOUT_RETURN_TYPE = YES_ERROR;
				GCC_WARN_UNDECLARED_SELECTOR = YES;
				GCC_WARN_UNINITIALIZED_AUTOS = YES_AGGRESSIVE;
				GCC_WARN_UNUSED_FUNCTION = YES;
				GCC_WARN_UNUSED_VARIABLE = YES;
				IPHONEOS_DEPLOYMENT_TARGET = 15.4;
				MTL_ENABLE_DEBUG_INFO = INCLUDE_SOURCE;
				MTL_FAST_MATH = YES;
				ONLY_ACTIVE_ARCH = YES;
				SDKROOT = iphoneos;
				SWIFT_ACTIVE_COMPILATION_CONDITIONS = DEBUG;
				SWIFT_OPTIMIZATION_LEVEL = "-Onone";
			};
			name = Debug;
		};
		EC7A6004281108C100267AE9 /* Release */ = {
			isa = XCBuildConfiguration;
			buildSettings = {
				ALWAYS_SEARCH_USER_PATHS = NO;
				CLANG_ANALYZER_NONNULL = YES;
				CLANG_ANALYZER_NUMBER_OBJECT_CONVERSION = YES_AGGRESSIVE;
				CLANG_CXX_LANGUAGE_STANDARD = "gnu++17";
				CLANG_ENABLE_MODULES = YES;
				CLANG_ENABLE_OBJC_ARC = YES;
				CLANG_ENABLE_OBJC_WEAK = YES;
				CLANG_WARN_BLOCK_CAPTURE_AUTORELEASING = YES;
				CLANG_WARN_BOOL_CONVERSION = YES;
				CLANG_WARN_COMMA = YES;
				CLANG_WARN_CONSTANT_CONVERSION = YES;
				CLANG_WARN_DEPRECATED_OBJC_IMPLEMENTATIONS = YES;
				CLANG_WARN_DIRECT_OBJC_ISA_USAGE = YES_ERROR;
				CLANG_WARN_DOCUMENTATION_COMMENTS = YES;
				CLANG_WARN_EMPTY_BODY = YES;
				CLANG_WARN_ENUM_CONVERSION = YES;
				CLANG_WARN_INFINITE_RECURSION = YES;
				CLANG_WARN_INT_CONVERSION = YES;
				CLANG_WARN_NON_LITERAL_NULL_CONVERSION = YES;
				CLANG_WARN_OBJC_IMPLICIT_RETAIN_SELF = YES;
				CLANG_WARN_OBJC_LITERAL_CONVERSION = YES;
				CLANG_WARN_OBJC_ROOT_CLASS = YES_ERROR;
				CLANG_WARN_QUOTED_INCLUDE_IN_FRAMEWORK_HEADER = YES;
				CLANG_WARN_RANGE_LOOP_ANALYSIS = YES;
				CLANG_WARN_STRICT_PROTOTYPES = YES;
				CLANG_WARN_SUSPICIOUS_MOVE = YES;
				CLANG_WARN_UNGUARDED_AVAILABILITY = YES_AGGRESSIVE;
				CLANG_WARN_UNREACHABLE_CODE = YES;
				CLANG_WARN__DUPLICATE_METHOD_MATCH = YES;
				COPY_PHASE_STRIP = NO;
				DEBUG_INFORMATION_FORMAT = "dwarf-with-dsym";
				ENABLE_NS_ASSERTIONS = NO;
				ENABLE_STRICT_OBJC_MSGSEND = YES;
				GCC_C_LANGUAGE_STANDARD = gnu11;
				GCC_NO_COMMON_BLOCKS = YES;
				GCC_WARN_64_TO_32_BIT_CONVERSION = YES;
				GCC_WARN_ABOUT_RETURN_TYPE = YES_ERROR;
				GCC_WARN_UNDECLARED_SELECTOR = YES;
				GCC_WARN_UNINITIALIZED_AUTOS = YES_AGGRESSIVE;
				GCC_WARN_UNUSED_FUNCTION = YES;
				GCC_WARN_UNUSED_VARIABLE = YES;
				IPHONEOS_DEPLOYMENT_TARGET = 15.4;
				MTL_ENABLE_DEBUG_INFO = NO;
				MTL_FAST_MATH = YES;
				SDKROOT = iphoneos;
				SWIFT_COMPILATION_MODE = wholemodule;
				SWIFT_OPTIMIZATION_LEVEL = "-O";
				VALIDATE_PRODUCT = YES;
			};
			name = Release;
		};
		EC7A6006281108C100267AE9 /* Debug */ = {
			isa = XCBuildConfiguration;
			buildSettings = {
				ASSETCATALOG_COMPILER_APPICON_NAME = AppIcon;
				ASSETCATALOG_COMPILER_GLOBAL_ACCENT_COLOR_NAME = AccentColor;
				CODE_SIGN_STYLE = Automatic;
				CURRENT_PROJECT_VERSION = 1;
				DEVELOPMENT_ASSET_PATHS = "\"AudioRecorder/Preview Content\"";
				DEVELOPMENT_TEAM = 3Q8KT6FRL4;
				ENABLE_PREVIEWS = YES;
				GENERATE_INFOPLIST_FILE = YES;
				INFOPLIST_KEY_NSMicrophoneUsageDescription = "";
				INFOPLIST_KEY_UIApplicationSceneManifest_Generation = YES;
				INFOPLIST_KEY_UIApplicationSupportsIndirectInputEvents = YES;
				INFOPLIST_KEY_UILaunchScreen_Generation = YES;
				INFOPLIST_KEY_UISupportedInterfaceOrientations_iPad = "UIInterfaceOrientationPortrait UIInterfaceOrientationPortraitUpsideDown UIInterfaceOrientationLandscapeLeft UIInterfaceOrientationLandscapeRight";
				INFOPLIST_KEY_UISupportedInterfaceOrientations_iPhone = "UIInterfaceOrientationPortrait UIInterfaceOrientationLandscapeLeft UIInterfaceOrientationLandscapeRight";
				LD_RUNPATH_SEARCH_PATHS = (
					"$(inherited)",
					"@executable_path/Frameworks",
				);
				MARKETING_VERSION = 1.0;
				PRODUCT_BUNDLE_IDENTIFIER = com.sangerbits.AudioRecorder123;
				PRODUCT_NAME = "$(TARGET_NAME)";
				SWIFT_EMIT_LOC_STRINGS = YES;
				SWIFT_VERSION = 5.0;
				TARGETED_DEVICE_FAMILY = "1,2";
			};
			name = Debug;
		};
		EC7A6007281108C100267AE9 /* Release */ = {
			isa = XCBuildConfiguration;
			buildSettings = {
				ASSETCATALOG_COMPILER_APPICON_NAME = AppIcon;
				ASSETCATALOG_COMPILER_GLOBAL_ACCENT_COLOR_NAME = AccentColor;
				CODE_SIGN_STYLE = Automatic;
				CURRENT_PROJECT_VERSION = 1;
				DEVELOPMENT_ASSET_PATHS = "\"AudioRecorder/Preview Content\"";
				DEVELOPMENT_TEAM = 3Q8KT6FRL4;
				ENABLE_PREVIEWS = YES;
				GENERATE_INFOPLIST_FILE = YES;
				INFOPLIST_KEY_NSMicrophoneUsageDescription = "";
				INFOPLIST_KEY_UIApplicationSceneManifest_Generation = YES;
				INFOPLIST_KEY_UIApplicationSupportsIndirectInputEvents = YES;
				INFOPLIST_KEY_UILaunchScreen_Generation = YES;
				INFOPLIST_KEY_UISupportedInterfaceOrientations_iPad = "UIInterfaceOrientationPortrait UIInterfaceOrientationPortraitUpsideDown UIInterfaceOrientationLandscapeLeft UIInterfaceOrientationLandscapeRight";
				INFOPLIST_KEY_UISupportedInterfaceOrientations_iPhone = "UIInterfaceOrientationPortrait UIInterfaceOrientationLandscapeLeft UIInterfaceOrientationLandscapeRight";
				LD_RUNPATH_SEARCH_PATHS = (
					"$(inherited)",
					"@executable_path/Frameworks",
				);
				MARKETING_VERSION = 1.0;
				PRODUCT_BUNDLE_IDENTIFIER = com.sangerbits.AudioRecorder123;
				PRODUCT_NAME = "$(TARGET_NAME)";
				SWIFT_EMIT_LOC_STRINGS = YES;
				SWIFT_VERSION = 5.0;
				TARGETED_DEVICE_FAMILY = "1,2";
			};
			name = Release;
		};
		EC7A6009281108C100267AE9 /* Debug */ = {
			isa = XCBuildConfiguration;
			buildSettings = {
				ALWAYS_EMBED_SWIFT_STANDARD_LIBRARIES = YES;
				BUNDLE_LOADER = "$(TEST_HOST)";
				CODE_SIGN_STYLE = Automatic;
				CURRENT_PROJECT_VERSION = 1;
				GENERATE_INFOPLIST_FILE = YES;
				IPHONEOS_DEPLOYMENT_TARGET = 15.4;
				MARKETING_VERSION = 1.0;
				PRODUCT_BUNDLE_IDENTIFIER = com.sangerbits.AudioRecorderTests;
				PRODUCT_NAME = "$(TARGET_NAME)";
				SWIFT_EMIT_LOC_STRINGS = NO;
				SWIFT_VERSION = 5.0;
				TARGETED_DEVICE_FAMILY = "1,2";
				TEST_HOST = "$(BUILT_PRODUCTS_DIR)/AudioRecorder.app/AudioRecorder";
			};
			name = Debug;
		};
		EC7A600A281108C100267AE9 /* Release */ = {
			isa = XCBuildConfiguration;
			buildSettings = {
				ALWAYS_EMBED_SWIFT_STANDARD_LIBRARIES = YES;
				BUNDLE_LOADER = "$(TEST_HOST)";
				CODE_SIGN_STYLE = Automatic;
				CURRENT_PROJECT_VERSION = 1;
				GENERATE_INFOPLIST_FILE = YES;
				IPHONEOS_DEPLOYMENT_TARGET = 15.4;
				MARKETING_VERSION = 1.0;
				PRODUCT_BUNDLE_IDENTIFIER = com.sangerbits.AudioRecorderTests;
				PRODUCT_NAME = "$(TARGET_NAME)";
				SWIFT_EMIT_LOC_STRINGS = NO;
				SWIFT_VERSION = 5.0;
				TARGETED_DEVICE_FAMILY = "1,2";
				TEST_HOST = "$(BUILT_PRODUCTS_DIR)/AudioRecorder.app/AudioRecorder";
			};
			name = Release;
		};
		EC7A600C281108C100267AE9 /* Debug */ = {
			isa = XCBuildConfiguration;
			buildSettings = {
				ALWAYS_EMBED_SWIFT_STANDARD_LIBRARIES = YES;
				CODE_SIGN_STYLE = Automatic;
				CURRENT_PROJECT_VERSION = 1;
				GENERATE_INFOPLIST_FILE = YES;
				MARKETING_VERSION = 1.0;
				PRODUCT_BUNDLE_IDENTIFIER = com.sangerbits.AudioRecorderUITests;
				PRODUCT_NAME = "$(TARGET_NAME)";
				SWIFT_EMIT_LOC_STRINGS = NO;
				SWIFT_VERSION = 5.0;
				TARGETED_DEVICE_FAMILY = "1,2";
				TEST_TARGET_NAME = AudioRecorder;
			};
			name = Debug;
		};
		EC7A600D281108C100267AE9 /* Release */ = {
			isa = XCBuildConfiguration;
			buildSettings = {
				ALWAYS_EMBED_SWIFT_STANDARD_LIBRARIES = YES;
				CODE_SIGN_STYLE = Automatic;
				CURRENT_PROJECT_VERSION = 1;
				GENERATE_INFOPLIST_FILE = YES;
				MARKETING_VERSION = 1.0;
				PRODUCT_BUNDLE_IDENTIFIER = com.sangerbits.AudioRecorderUITests;
				PRODUCT_NAME = "$(TARGET_NAME)";
				SWIFT_EMIT_LOC_STRINGS = NO;
				SWIFT_VERSION = 5.0;
				TARGETED_DEVICE_FAMILY = "1,2";
				TEST_TARGET_NAME = AudioRecorder;
			};
			name = Release;
		};
/* End XCBuildConfiguration section */

/* Begin XCConfigurationList section */
		EC7A5FDC281108C000267AE9 /* Build configuration list for PBXProject "AudioRecorder" */ = {
			isa = XCConfigurationList;
			buildConfigurations = (
				EC7A6003281108C100267AE9 /* Debug */,
				EC7A6004281108C100267AE9 /* Release */,
			);
			defaultConfigurationIsVisible = 0;
			defaultConfigurationName = Release;
		};
		EC7A6005281108C100267AE9 /* Build configuration list for PBXNativeTarget "AudioRecorder" */ = {
			isa = XCConfigurationList;
			buildConfigurations = (
				EC7A6006281108C100267AE9 /* Debug */,
				EC7A6007281108C100267AE9 /* Release */,
			);
			defaultConfigurationIsVisible = 0;
			defaultConfigurationName = Release;
		};
		EC7A6008281108C100267AE9 /* Build configuration list for PBXNativeTarget "AudioRecorderTests" */ = {
			isa = XCConfigurationList;
			buildConfigurations = (
				EC7A6009281108C100267AE9 /* Debug */,
				EC7A600A281108C100267AE9 /* Release */,
			);
			defaultConfigurationIsVisible = 0;
			defaultConfigurationName = Release;
		};
		EC7A600B281108C100267AE9 /* Build configuration list for PBXNativeTarget "AudioRecorderUITests" */ = {
			isa = XCConfigurationList;
			buildConfigurations = (
				EC7A600C281108C100267AE9 /* Debug */,
				EC7A600D281108C100267AE9 /* Release */,
			);
			defaultConfigurationIsVisible = 0;
			defaultConfigurationName = Release;
		};
/* End XCConfigurationList section */
	};
	rootObject = EC7A5FD9281108C000267AE9 /* Project object */;
}
